
Microsoft Visual Studio Solution File, Format Version 12.00
# Visual Studio Version 17
VisualStudioVersion = 17.0.32014.148
MinimumVisualStudioVersion = 10.0.40219.1
Project("{FAE04EC0-301F-11D3-BF4B-00C04F79EFBC}") = "LabTask6", "LabTask6\LabTask6.csproj", "{0DF8F918-2AB2-4268-8753-81FB2E97EB67}"
EndProject
Global
	GlobalSection(SolutionConfigurationPlatforms) = preSolution
		Debug|Any CPU = Debug|Any CPU
		Release|Any CPU = Release|Any CPU
	EndGlobalSection
	GlobalSection(ProjectConfigurationPlatforms) = postSolution
		{0DF8F918-2AB2-4268-8753-81FB2E97EB67}.Debug|Any CPU.ActiveCfg = Debug|Any CPU
		{0DF8F918-2AB2-4268-8753-81FB2E97EB67}.Debug|Any CPU.Build.0 = Debug|Any CPU
		{0DF8F918-2AB2-4268-8753-81FB2E97EB67}.Release|Any CPU.ActiveCfg = Release|Any CPU
		{0DF8F918-2AB2-4268-8753-81FB2E97EB67}.Release|Any CPU.Build.0 = Release|Any CPU
	EndGlobalSection
	GlobalSection(SolutionProperties) = preSolution
		HideSolutionNode = FALSE
	EndGlobalSection
	GlobalSection(ExtensibilityGlobals) = postSolution
		SolutionGuid = {144DA186-8BA2-4B75-9699-D3B607C8251E}
	EndGlobalSection
EndGlobal
